
Microsoft Visual Studio Solution File, Format Version 12.00
# Visual Studio Version 17
VisualStudioVersion = 17.9.34622.214
MinimumVisualStudioVersion = 10.0.40219.1
Project("{FAE04EC0-301F-11D3-BF4B-00C04F79EFBC}") = "tryCatch", "tryCatch.csproj", "{48ADBB96-50EB-4B60-9254-0593FB020554}"
EndProject
Global
	GlobalSection(SolutionConfigurationPlatforms) = preSolution
		Debug|Any CPU = Debug|Any CPU
		Release|Any CPU = Release|Any CPU
	EndGlobalSection
	GlobalSection(ProjectConfigurationPlatforms) = postSolution
		{48ADBB96-50EB-4B60-9254-0593FB020554}.Debug|Any CPU.ActiveCfg = Debug|Any CPU
		{48ADBB96-50EB-4B60-9254-0593FB020554}.Debug|Any CPU.Build.0 = Debug|Any CPU
		{48ADBB96-50EB-4B60-9254-0593FB020554}.Release|Any CPU.ActiveCfg = Release|Any CPU
		{48ADBB96-50EB-4B60-9254-0593FB020554}.Release|Any CPU.Build.0 = Release|Any CPU
	EndGlobalSection
	GlobalSection(SolutionProperties) = preSolution
		HideSolutionNode = FALSE
	EndGlobalSection
	GlobalSection(ExtensibilityGlobals) = postSolution
		SolutionGuid = {18F98831-FC98-4278-9EF4-47937E944ECB}
	EndGlobalSection
EndGlobal
